Microsoft Visual Studio Solution File, Format Version 12.00
# Visual Studio Version 16
VisualStudioVersion = 16.0.31025.194
MinimumVisualStudioVersion = 10.0.40219.1
Project("{2150E333-8FDC-42A3-9474-1A3956D46DE8}") = "core", "core", "{7DC6A1A1-AE80-4834-9060-E44E5E239C11}"
EndProject
Project("{2150E333-8FDC-42A3-9474-1A3956D46DE8}") = "extensions", "extensions", "{32E6B450-A982-4941-A141-41833C05B717}"
EndProject
Project("{2150E333-8FDC-42A3-9474-1A3956D46DE8}") = "core", "core", "{81DBB9A1-B233-4B28-B8B1-363F02EE2DF9}"
EndProject
Project("{2150E333-8FDC-42A3-9474-1A3956D46DE8}") = "extensions", "extensions", "{2A66D98F-CB79-4C93-A6BB-803B759D2290}"
EndProject
Project("{9A19103F-16F7-4668-BE54-9A1E7A4F7556}") = "Statiq.Common", "src\core\Statiq.Common\Statiq.Common.csproj", "{675022B4-2DF0-4725-A9D0-7E1A85E6202E}"
EndProject
Project("{9A19103F-16F7-4668-BE54-9A1E7A4F7556}") = "Statiq.Core", "src\core\Statiq.Core\Statiq.Core.csproj", "{2889A79A-18DC-4BF6-B549-56315C050F75}"
EndProject
Project("{9A19103F-16F7-4668-BE54-9A1E7A4F7556}") = "Statiq.App", "src\core\Statiq.App\Statiq.App.csproj", "{007BE9B5-9D20-4723-AF9D-08DC624F4133}"
EndProject
Project("{9A19103F-16F7-4668-BE54-9A1E7A4F7556}") = "Statiq.Testing", "src\core\Statiq.Testing\Statiq.Testing.csproj", "{1D4AA13B-2C7A-47BA-8FDE-2106F6AB4CF1}"
EndProject
Project("{9A19103F-16F7-4668-BE54-9A1E7A4F7556}") = "Statiq.Testing.JavaScript", "src\core\Statiq.Testing.JavaScript\Statiq.Testing.JavaScript.csproj", "{6DCC5FA2-905D-4C7B-B829-9319B8311633}"
EndProject
Project("{9A19103F-16F7-4668-BE54-9A1E7A4F7556}") = "Statiq.CodeAnalysis", "src\extensions\Statiq.CodeAnalysis\Statiq.CodeAnalysis.csproj", "{6F0829E5-BCC4-4C83-BD48-B157ABAE54E4}"
EndProject
Project("{9A19103F-16F7-4668-BE54-9A1E7A4F7556}") = "Statiq.Feeds", "src\extensions\Statiq.Feeds\Statiq.Feeds.csproj", "{6E9CFEFC-6543-4AB0-B6EE-C8A6025A17A3}"
EndProject
Project("{9A19103F-16F7-4668-BE54-9A1E7A4F7556}") = "Statiq.Handlebars", "src\extensions\Statiq.Handlebars\Statiq.Handlebars.csproj", "{748943E9-B850-4FFF-B32B-EE0EFD795A51}"
EndProject
Project("{9A19103F-16F7-4668-BE54-9A1E7A4F7556}") = "Statiq.Highlight", "src\extensions\Statiq.Highlight\Statiq.Highlight.csproj", "{A43E8011-2EDF-447D-8839-73E88FC79D95}"
EndProject
Project("{9A19103F-16F7-4668-BE54-9A1E7A4F7556}") = "Statiq.Images", "src\extensions\Statiq.Images\Statiq.Images.csproj", "{70D20960-E164-497B-A4F4-917A089973C1}"
EndProject
Project("{9A19103F-16F7-4668-BE54-9A1E7A4F7556}") = "Statiq.Less", "src\extensions\Statiq.Less\Statiq.Less.csproj", "{39F88F82-C068-42CB-BB30-DDD3D42A2AFA}"
EndProject
Project("{9A19103F-16F7-4668-BE54-9A1E7A4F7556}") = "Statiq.Lunr", "src\extensions\Statiq.Lunr\Statiq.Lunr.csproj", "{65944398-AD6D-44B5-9E0C-4A37727FACE1}"
EndProject
Project("{9A19103F-16F7-4668-BE54-9A1E7A4F7556}") = "Statiq.Markdown", "src\extensions\Statiq.Markdown\Statiq.Markdown.csproj", "{E3A06535-A5D8-4D2B-84EF-22732387E1FE}"
EndProject
Project("{9A19103F-16F7-4668-BE54-9A1E7A4F7556}") = "Statiq.Minification", "src\extensions\Statiq.Minification\Statiq.Minification.csproj", "{D8B9636A-D0A0-4E75-869A-C385625D57EF}"
EndProject
Project("{9A19103F-16F7-4668-BE54-9A1E7A4F7556}") = "Statiq.Razor", "src\extensions\Statiq.Razor\Statiq.Razor.csproj", "{65D7CEC5-5810-4155-8F26-5A0C05198936}"
EndProject
Project("{9A19103F-16F7-4668-BE54-9A1E7A4F7556}") = "Statiq.Sass", "src\extensions\Statiq.Sass\Statiq.Sass.csproj", "{7D25D842-A581-4536-814B-8C270FDA84C1}"
EndProject
Project("{9A19103F-16F7-4668-BE54-9A1E7A4F7556}") = "Statiq.Scriban", "src\extensions\Statiq.Scriban\Statiq.Scriban.csproj", "{9B38FFBD-D491-4313-A4E7-F719D4B935B2}"
EndProject
Project("{9A19103F-16F7-4668-BE54-9A1E7A4F7556}") = "Statiq.Tables", "src\extensions\Statiq.Tables\Statiq.Tables.csproj", "{620979F2-1143-4630-9BCD-43940922A79D}"
EndProject
Project("{9A19103F-16F7-4668-BE54-9A1E7A4F7556}") = "Statiq.Xmp", "src\extensions\Statiq.Xmp\Statiq.Xmp.csproj", "{91F1D735-3598-4A49-8CB8-E2CF0DBAB311}"
EndProject
Project("{9A19103F-16F7-4668-BE54-9A1E7A4F7556}") = "Statiq.Yaml", "src\extensions\Statiq.Yaml\Statiq.Yaml.csproj", "{E48953FE-B93D-4481-B659-4EE927EF4CC7}"
EndProject
Project("{9A19103F-16F7-4668-BE54-9A1E7A4F7556}") = "Statiq.YouTube", "src\extensions\Statiq.YouTube\Statiq.YouTube.csproj", "{3A85CC5B-EDE9-42A9-86CE-F3D9F7F9A170}"
EndProject
Project("{9A19103F-16F7-4668-BE54-9A1E7A4F7556}") = "Statiq.App.Tests", "tests\core\Statiq.App.Tests\Statiq.App.Tests.csproj", "{A35EFB77-CA9D-4727-8C13-608CB9CB3602}"
EndProject
Project("{9A19103F-16F7-4668-BE54-9A1E7A4F7556}") = "Statiq.Common.Tests", "tests\core\Statiq.Common.Tests\Statiq.Common.Tests.csproj", "{1D12869A-6E33-468C-986B-423DC24989A9}"
EndProject
Project("{9A19103F-16F7-4668-BE54-9A1E7A4F7556}") = "Statiq.Core.Tests", "tests\core\Statiq.Core.Tests\Statiq.Core.Tests.csproj", "{2F10A5BA-3DE3-4A16-91FA-69F3E51956A2}"
EndProject
Project("{9A19103F-16F7-4668-BE54-9A1E7A4F7556}") = "TestConsoleApp", "tests\core\TestConsoleApp\TestConsoleApp.csproj", "{0AEC168E-1ABC-47FF-90B4-A1AB4E511CD4}"
EndProject
Project("{9A19103F-16F7-4668-BE54-9A1E7A4F7556}") = "Statiq.CodeAnalysis.Tests", "tests\extensions\Statiq.CodeAnalysis.Tests\Statiq.CodeAnalysis.Tests.csproj", "{9028FD42-D638-4DD0-BF8C-E065A68B2460}"
EndProject
Project("{9A19103F-16F7-4668-BE54-9A1E7A4F7556}") = "Statiq.Feeds.Tests", "tests\extensions\Statiq.Feeds.Tests\Statiq.Feeds.Tests.csproj", "{E8CD4FC3-A4F4-4A37-B508-B0FE7F168D57}"
EndProject
Project("{9A19103F-16F7-4668-BE54-9A1E7A4F7556}") = "Statiq.Handlebars.Tests", "tests\extensions\Statiq.Handlebars.Tests\Statiq.Handlebars.Tests.csproj", "{19514369-07DA-40B4-B37D-D77123CFFE74}"
EndProject
Project("{9A19103F-16F7-4668-BE54-9A1E7A4F7556}") = "Statiq.Highlight.Tests", "tests\extensions\Statiq.Highlight.Tests\Statiq.Highlight.Tests.csproj", "{184FADD3-62C2-47EA-B532-1FCE810F0B68}"
EndProject
Project("{9A19103F-16F7-4668-BE54-9A1E7A4F7556}") = "Statiq.Images.Tests", "tests\extensions\Statiq.Images.Tests\Statiq.Images.Tests.csproj", "{A197614E-7A38-402E-B093-2FE9D94C2B3B}"
EndProject
Project("{9A19103F-16F7-4668-BE54-9A1E7A4F7556}") = "Statiq.Less.Tests", "tests\extensions\Statiq.Less.Tests\Statiq.Less.Tests.csproj", "{6CA11335-F7E1-45CF-B0E0-8EE54DE42AC6}"
EndProject
Project("{9A19103F-16F7-4668-BE54-9A1E7A4F7556}") = "Statiq.Markdown.Tests", "tests\extensions\Statiq.Markdown.Tests\Statiq.Markdown.Tests.csproj", "{802D8296-6717-43AD-97F9-6D31AEF5C8AD}"
EndProject
Project("{9A19103F-16F7-4668-BE54-9A1E7A4F7556}") = "Statiq.Minification.Tests", "tests\extensions\Statiq.Minification.Tests\Statiq.Minification.Tests.csproj", "{405FE219-203C-4DFF-9493-B7A02EEF2D16}"
EndProject
Project("{9A19103F-16F7-4668-BE54-9A1E7A4F7556}") = "Statiq.Razor.Tests", "tests\extensions\Statiq.Razor.Tests\Statiq.Razor.Tests.csproj", "{34A7E744-4CA9-4A71-9EAA-1BBDA21EC421}"
EndProject
Project("{9A19103F-16F7-4668-BE54-9A1E7A4F7556}") = "Statiq.Sass.Tests", "tests\extensions\Statiq.Sass.Tests\Statiq.Sass.Tests.csproj", "{F6758072-1476-4932-8ED8-61B4F54ED851}"
EndProject
Project("{9A19103F-16F7-4668-BE54-9A1E7A4F7556}") = "Statiq.Scriban.Tests", "tests\extensions\Statiq.Scriban.Tests\Statiq.Scriban.Tests.csproj", "{92AF451A-B146-4D92-87E7-EBBE1B7E027E}"
EndProject
Project("{9A19103F-16F7-4668-BE54-9A1E7A4F7556}") = "Statiq.Tables.Tests", "tests\extensions\Statiq.Tables.Tests\Statiq.Tables.Tests.csproj", "{A8EE2D14-5EA3-45AD-8A9F-D0716B218A6A}"
EndProject
Project("{9A19103F-16F7-4668-BE54-9A1E7A4F7556}") = "Statiq.Xmp.Tests", "tests\extensions\Statiq.Xmp.Tests\Statiq.Xmp.Tests.csproj", "{9FB0D623-DDCE-42AB-972C-A912F05936FF}"
EndProject
Project("{9A19103F-16F7-4668-BE54-9A1E7A4F7556}") = "Statiq.Yaml.Tests", "tests\extensions\Statiq.Yaml.Tests\Statiq.Yaml.Tests.csproj", "{EC7FC974-910F-40FF-88CD-4AF9AD7134CB}"
EndProject
Project("{9A19103F-16F7-4668-BE54-9A1E7A4F7556}") = "Statiq.YouTube.Tests", "tests\extensions\Statiq.YouTube.Tests\Statiq.YouTube.Tests.csproj", "{BC24E9FF-1A87-49FC-AE79-8389F127A228}"
EndProject
Project("{2150E333-8FDC-42A3-9474-1A3956D46DE8}") = "examples", "examples", "{A8C72DF1-6BCE-45DD-9168-AEEE5C493A2E}"
EndProject
Project("{2150E333-8FDC-42A3-9474-1A3956D46DE8}") = "src", "src", "{8DA1ACB5-41B7-44D6-ADF4-F25754982E5D}"
EndProject
Project("{2150E333-8FDC-42A3-9474-1A3956D46DE8}") = "tests", "tests", "{C6380D91-2182-4D66-BC82-999EB6CBCA58}"
EndProject
Project("{9A19103F-16F7-4668-BE54-9A1E7A4F7556}") = "Statiq.Web.Examples", "examples\Statiq.Web.Examples\Statiq.Web.Examples.csproj", "{AC4EB251-4E47-4A9A-9B68-EB80B30C6991}"
EndProject
Project("{9A19103F-16F7-4668-BE54-9A1E7A4F7556}") = "Statiq.Web", "src\extensions\Statiq.Web\Statiq.Web.csproj", "{97E61BE8-FFAA-42A0-97DE-5AA968361E99}"
EndProject
Project("{9A19103F-16F7-4668-BE54-9A1E7A4F7556}") = "Statiq.Web.Aws", "src\extensions\Statiq.Web.Aws\Statiq.Web.Aws.csproj", "{0E116A70-638F-4C7F-B547-6FCA42076378}"
EndProject
Project("{9A19103F-16F7-4668-BE54-9A1E7A4F7556}") = "Statiq.Web.Azure", "src\extensions\Statiq.Web.Azure\Statiq.Web.Azure.csproj", "{476F029C-F612-4022-B0C6-0511FEEB5CEA}"
EndProject
Project("{9A19103F-16F7-4668-BE54-9A1E7A4F7556}") = "Statiq.Web.GitHub", "src\extensions\Statiq.Web.GitHub\Statiq.Web.GitHub.csproj", "{B9903DE9-F1C5-4451-ABFE-D5F8BFB47599}"
EndProject
Project("{9A19103F-16F7-4668-BE54-9A1E7A4F7556}") = "Statiq.Web.Hosting", "src\extensions\Statiq.Web.Hosting\Statiq.Web.Hosting.csproj", "{20922A52-E670-4462-8CD0-F2391B27E782}"
EndProject
Project("{9A19103F-16F7-4668-BE54-9A1E7A4F7556}") = "Statiq.Web.Netlify", "src\extensions\Statiq.Web.Netlify\Statiq.Web.Netlify.csproj", "{43189A47-7933-4C97-8288-F435344C828A}"
EndProject
Project("{9A19103F-16F7-4668-BE54-9A1E7A4F7556}") = "Statiq.Web.Templates", "src\extensions\Statiq.Web.Templates\Statiq.Web.Templates.csproj", "{338236AA-F0B2-421F-B2E8-836F81332E26}"
EndProject
Project("{9A19103F-16F7-4668-BE54-9A1E7A4F7556}") = "Statiq.Web.Hosting.Tests", "tests\extensions\Statiq.Web.Hosting.Tests\Statiq.Web.Hosting.Tests.csproj", "{9246E1CA-215C-49D1-BB0E-D7FC6454CCDF}"
EndProject
Project("{9A19103F-16F7-4668-BE54-9A1E7A4F7556}") = "Statiq.Web.Tests", "tests\extensions\Statiq.Web.Tests\Statiq.Web.Tests.csproj", "{BFDB695C-4E1B-4BB4-ABDE-2021E37C224C}"
EndProject
Project("{9A19103F-16F7-4668-BE54-9A1E7A4F7556}") = "Statiq.Lunr.Tests", "tests\extensions\Statiq.Lunr.Tests\Statiq.Lunr.Tests.csproj", "{386CB992-74F9-48E6-B003-673A9249351C}"
EndProject
Global
	GlobalSection(SolutionConfigurationPlatforms) = preSolution
		Debug|Any CPU = Debug|Any CPU
		Release|Any CPU = Release|Any CPU
	EndGlobalSection
	GlobalSection(ProjectConfigurationPlatforms) = postSolution
		{675022B4-2DF0-4725-A9D0-7E1A85E6202E}.Debug|Any CPU.ActiveCfg = Debug|Any CPU
		{675022B4-2DF0-4725-A9D0-7E1A85E6202E}.Debug|Any CPU.Build.0 = Debug|Any CPU
		{675022B4-2DF0-4725-A9D0-7E1A85E6202E}.Release|Any CPU.ActiveCfg = Release|Any CPU
		{675022B4-2DF0-4725-A9D0-7E1A85E6202E}.Release|Any CPU.Build.0 = Release|Any CPU
		{2889A79A-18DC-4BF6-B549-56315C050F75}.Debug|Any CPU.ActiveCfg = Debug|Any CPU
		{2889A79A-18DC-4BF6-B549-56315C050F75}.Debug|Any CPU.Build.0 = Debug|Any CPU
		{2889A79A-18DC-4BF6-B549-56315C050F75}.Release|Any CPU.ActiveCfg = Release|Any CPU
		{2889A79A-18DC-4BF6-B549-56315C050F75}.Release|Any CPU.Build.0 = Release|Any CPU
		{007BE9B5-9D20-4723-AF9D-08DC624F4133}.Debug|Any CPU.ActiveCfg = Debug|Any CPU
		{007BE9B5-9D20-4723-AF9D-08DC624F4133}.Debug|Any CPU.Build.0 = Debug|Any CPU
		{007BE9B5-9D20-4723-AF9D-08DC624F4133}.Release|Any CPU.ActiveCfg = Release|Any CPU
		{007BE9B5-9D20-4723-AF9D-08DC624F4133}.Release|Any CPU.Build.0 = Release|Any CPU
		{1D4AA13B-2C7A-47BA-8FDE-2106F6AB4CF1}.Debug|Any CPU.ActiveCfg = Debug|Any CPU
		{1D4AA13B-2C7A-47BA-8FDE-2106F6AB4CF1}.Debug|Any CPU.Build.0 = Debug|Any CPU
		{1D4AA13B-2C7A-47BA-8FDE-2106F6AB4CF1}.Release|Any CPU.ActiveCfg = Release|Any CPU
		{1D4AA13B-2C7A-47BA-8FDE-2106F6AB4CF1}.Release|Any CPU.Build.0 = Release|Any CPU
		{6DCC5FA2-905D-4C7B-B829-9319B8311633}.Debug|Any CPU.ActiveCfg = Debug|Any CPU
		{6DCC5FA2-905D-4C7B-B829-9319B8311633}.Debug|Any CPU.Build.0 = Debug|Any CPU
		{6DCC5FA2-905D-4C7B-B829-9319B8311633}.Release|Any CPU.ActiveCfg = Release|Any CPU
		{6DCC5FA2-905D-4C7B-B829-9319B8311633}.Release|Any CPU.Build.0 = Release|Any CPU
		{6F0829E5-BCC4-4C83-BD48-B157ABAE54E4}.Debug|Any CPU.ActiveCfg = Debug|Any CPU
		{6F0829E5-BCC4-4C83-BD48-B157ABAE54E4}.Debug|Any CPU.Build.0 = Debug|Any CPU
		{6F0829E5-BCC4-4C83-BD48-B157ABAE54E4}.Release|Any CPU.ActiveCfg = Release|Any CPU
		{6F0829E5-BCC4-4C83-BD48-B157ABAE54E4}.Release|Any CPU.Build.0 = Release|Any CPU
		{6E9CFEFC-6543-4AB0-B6EE-C8A6025A17A3}.Debug|Any CPU.ActiveCfg = Debug|Any CPU
		{6E9CFEFC-6543-4AB0-B6EE-C8A6025A17A3}.Debug|Any CPU.Build.0 = Debug|Any CPU
		{6E9CFEFC-6543-4AB0-B6EE-C8A6025A17A3}.Release|Any CPU.ActiveCfg = Release|Any CPU
		{6E9CFEFC-6543-4AB0-B6EE-C8A6025A17A3}.Release|Any CPU.Build.0 = Release|Any CPU
		{748943E9-B850-4FFF-B32B-EE0EFD795A51}.Debug|Any CPU.ActiveCfg = Debug|Any CPU
		{748943E9-B850-4FFF-B32B-EE0EFD795A51}.Debug|Any CPU.Build.0 = Debug|Any CPU
		{748943E9-B850-4FFF-B32B-EE0EFD795A51}.Release|Any CPU.ActiveCfg = Release|Any CPU
		{748943E9-B850-4FFF-B32B-EE0EFD795A51}.Release|Any CPU.Build.0 = Release|Any CPU
		{A43E8011-2EDF-447D-8839-73E88FC79D95}.Debug|Any CPU.ActiveCfg = Debug|Any CPU
		{A43E8011-2EDF-447D-8839-73E88FC79D95}.Debug|Any CPU.Build.0 = Debug|Any CPU
		{A43E8011-2EDF-447D-8839-73E88FC79D95}.Release|Any CPU.ActiveCfg = Release|Any CPU
		{A43E8011-2EDF-447D-8839-73E88FC79D95}.Release|Any CPU.Build.0 = Release|Any CPU
		{70D20960-E164-497B-A4F4-917A089973C1}.Debug|Any CPU.ActiveCfg = Debug|Any CPU
		{70D20960-E164-497B-A4F4-917A089973C1}.Debug|Any CPU.Build.0 = Debug|Any CPU
		{70D20960-E164-497B-A4F4-917A089973C1}.Release|Any CPU.ActiveCfg = Release|Any CPU
		{70D20960-E164-497B-A4F4-917A089973C1}.Release|Any CPU.Build.0 = Release|Any CPU
		{39F88F82-C068-42CB-BB30-DDD3D42A2AFA}.Debug|Any CPU.ActiveCfg = Debug|Any CPU
		{39F88F82-C068-42CB-BB30-DDD3D42A2AFA}.Debug|Any CPU.Build.0 = Debug|Any CPU
		{39F88F82-C068-42CB-BB30-DDD3D42A2AFA}.Release|Any CPU.ActiveCfg = Release|Any CPU
		{39F88F82-C068-42CB-BB30-DDD3D42A2AFA}.Release|Any CPU.Build.0 = Release|Any CPU
		{65944398-AD6D-44B5-9E0C-4A37727FACE1}.Debug|Any CPU.ActiveCfg = Debug|Any CPU
		{65944398-AD6D-44B5-9E0C-4A37727FACE1}.Debug|Any CPU.Build.0 = Debug|Any CPU
		{65944398-AD6D-44B5-9E0C-4A37727FACE1}.Release|Any CPU.ActiveCfg = Release|Any CPU
		{65944398-AD6D-44B5-9E0C-4A37727FACE1}.Release|Any CPU.Build.0 = Release|Any CPU
		{E3A06535-A5D8-4D2B-84EF-22732387E1FE}.Debug|Any CPU.ActiveCfg = Debug|Any CPU
		{E3A06535-A5D8-4D2B-84EF-22732387E1FE}.Debug|Any CPU.Build.0 = Debug|Any CPU
		{E3A06535-A5D8-4D2B-84EF-22732387E1FE}.Release|Any CPU.ActiveCfg = Release|Any CPU
		{E3A06535-A5D8-4D2B-84EF-22732387E1FE}.Release|Any CPU.Build.0 = Release|Any CPU
		{D8B9636A-D0A0-4E75-869A-C385625D57EF}.Debug|Any CPU.ActiveCfg = Debug|Any CPU
		{D8B9636A-D0A0-4E75-869A-C385625D57EF}.Debug|Any CPU.Build.0 = Debug|Any CPU
		{D8B9636A-D0A0-4E75-869A-C385625D57EF}.Release|Any CPU.ActiveCfg = Release|Any CPU
		{D8B9636A-D0A0-4E75-869A-C385625D57EF}.Release|Any CPU.Build.0 = Release|Any CPU
		{65D7CEC5-5810-4155-8F26-5A0C05198936}.Debug|Any CPU.ActiveCfg = Debug|Any CPU
		{65D7CEC5-5810-4155-8F26-5A0C05198936}.Debug|Any CPU.Build.0 = Debug|Any CPU
		{65D7CEC5-5810-4155-8F26-5A0C05198936}.Release|Any CPU.ActiveCfg = Release|Any CPU
		{65D7CEC5-5810-4155-8F26-5A0C05198936}.Release|Any CPU.Build.0 = Release|Any CPU
		{7D25D842-A581-4536-814B-8C270FDA84C1}.Debug|Any CPU.ActiveCfg = Debug|Any CPU
		{7D25D842-A581-4536-814B-8C270FDA84C1}.Debug|Any CPU.Build.0 = Debug|Any CPU
		{7D25D842-A581-4536-814B-8C270FDA84C1}.Release|Any CPU.ActiveCfg = Release|Any CPU
		{7D25D842-A581-4536-814B-8C270FDA84C1}.Release|Any CPU.Build.0 = Release|Any CPU
		{9B38FFBD-D491-4313-A4E7-F719D4B935B2}.Debug|Any CPU.ActiveCfg = Debug|Any CPU
		{9B38FFBD-D491-4313-A4E7-F719D4B935B2}.Debug|Any CPU.Build.0 = Debug|Any CPU
		{9B38FFBD-D491-4313-A4E7-F719D4B935B2}.Release|Any CPU.ActiveCfg = Release|Any CPU
		{9B38FFBD-D491-4313-A4E7-F719D4B935B2}.Release|Any CPU.Build.0 = Release|Any CPU
		{620979F2-1143-4630-9BCD-43940922A79D}.Debug|Any CPU.ActiveCfg = Debug|Any CPU
		{620979F2-1143-4630-9BCD-43940922A79D}.Debug|Any CPU.Build.0 = Debug|Any CPU
		{620979F2-1143-4630-9BCD-43940922A79D}.Release|Any CPU.ActiveCfg = Release|Any CPU
		{620979F2-1143-4630-9BCD-43940922A79D}.Release|Any CPU.Build.0 = Release|Any CPU
		{91F1D735-3598-4A49-8CB8-E2CF0DBAB311}.Debug|Any CPU.ActiveCfg = Debug|Any CPU
		{91F1D735-3598-4A49-8CB8-E2CF0DBAB311}.Debug|Any CPU.Build.0 = Debug|Any CPU
		{91F1D735-3598-4A49-8CB8-E2CF0DBAB311}.Release|Any CPU.ActiveCfg = Release|Any CPU
		{91F1D735-3598-4A49-8CB8-E2CF0DBAB311}.Release|Any CPU.Build.0 = Release|Any CPU
		{E48953FE-B93D-4481-B659-4EE927EF4CC7}.Debug|Any CPU.ActiveCfg = Debug|Any CPU
		{E48953FE-B93D-4481-B659-4EE927EF4CC7}.Debug|Any CPU.Build.0 = Debug|Any CPU
		{E48953FE-B93D-4481-B659-4EE927EF4CC7}.Release|Any CPU.ActiveCfg = Release|Any CPU
		{E48953FE-B93D-4481-B659-4EE927EF4CC7}.Release|Any CPU.Build.0 = Release|Any CPU
		{3A85CC5B-EDE9-42A9-86CE-F3D9F7F9A170}.Debug|Any CPU.ActiveCfg = Debug|Any CPU
		{3A85CC5B-EDE9-42A9-86CE-F3D9F7F9A170}.Debug|Any CPU.Build.0 = Debug|Any CPU
		{3A85CC5B-EDE9-42A9-86CE-F3D9F7F9A170}.Release|Any CPU.ActiveCfg = Release|Any CPU
		{3A85CC5B-EDE9-42A9-86CE-F3D9F7F9A170}.Release|Any CPU.Build.0 = Release|Any CPU
		{A35EFB77-CA9D-4727-8C13-608CB9CB3602}.Debug|Any CPU.ActiveCfg = Debug|Any CPU
		{A35EFB77-CA9D-4727-8C13-608CB9CB3602}.Debug|Any CPU.Build.0 = Debug|Any CPU
		{A35EFB77-CA9D-4727-8C13-608CB9CB3602}.Release|Any CPU.ActiveCfg = Release|Any CPU
		{A35EFB77-CA9D-4727-8C13-608CB9CB3602}.Release|Any CPU.Build.0 = Release|Any CPU
		{1D12869A-6E33-468C-986B-423DC24989A9}.Debug|Any CPU.ActiveCfg = Debug|Any CPU
		{1D12869A-6E33-468C-986B-423DC24989A9}.Debug|Any CPU.Build.0 = Debug|Any CPU
		{1D12869A-6E33-468C-986B-423DC24989A9}.Release|Any CPU.ActiveCfg = Release|Any CPU
		{1D12869A-6E33-468C-986B-423DC24989A9}.Release|Any CPU.Build.0 = Release|Any CPU
		{2F10A5BA-3DE3-4A16-91FA-69F3E51956A2}.Debug|Any CPU.ActiveCfg = Debug|Any CPU
		{2F10A5BA-3DE3-4A16-91FA-69F3E51956A2}.Debug|Any CPU.Build.0 = Debug|Any CPU
		{2F10A5BA-3DE3-4A16-91FA-69F3E51956A2}.Release|Any CPU.ActiveCfg = Release|Any CPU
		{2F10A5BA-3DE3-4A16-91FA-69F3E51956A2}.Release|Any CPU.Build.0 = Release|Any CPU
		{0AEC168E-1ABC-47FF-90B4-A1AB4E511CD4}.Debug|Any CPU.ActiveCfg = Debug|Any CPU
		{0AEC168E-1ABC-47FF-90B4-A1AB4E511CD4}.Debug|Any CPU.Build.0 = Debug|Any CPU
		{0AEC168E-1ABC-47FF-90B4-A1AB4E511CD4}.Release|Any CPU.ActiveCfg = Release|Any CPU
		{0AEC168E-1ABC-47FF-90B4-A1AB4E511CD4}.Release|Any CPU.Build.0 = Release|Any CPU
		{9028FD42-D638-4DD0-BF8C-E065A68B2460}.Debug|Any CPU.ActiveCfg = Debug|Any CPU
		{9028FD42-D638-4DD0-BF8C-E065A68B2460}.Debug|Any CPU.Build.0 = Debug|Any CPU
		{9028FD42-D638-4DD0-BF8C-E065A68B2460}.Release|Any CPU.ActiveCfg = Release|Any CPU
		{9028FD42-D638-4DD0-BF8C-E065A68B2460}.Release|Any CPU.Build.0 = Release|Any CPU
		{E8CD4FC3-A4F4-4A37-B508-B0FE7F168D57}.Debug|Any CPU.ActiveCfg = Debug|Any CPU
		{E8CD4FC3-A4F4-4A37-B508-B0FE7F168D57}.Debug|Any CPU.Build.0 = Debug|Any CPU
		{E8CD4FC3-A4F4-4A37-B508-B0FE7F168D57}.Release|Any CPU.ActiveCfg = Release|Any CPU
		{E8CD4FC3-A4F4-4A37-B508-B0FE7F168D57}.Release|Any CPU.Build.0 = Release|Any CPU
		{19514369-07DA-40B4-B37D-D77123CFFE74}.Debug|Any CPU.ActiveCfg = Debug|Any CPU
		{19514369-07DA-40B4-B37D-D77123CFFE74}.Debug|Any CPU.Build.0 = Debug|Any CPU
		{19514369-07DA-40B4-B37D-D77123CFFE74}.Release|Any CPU.ActiveCfg = Release|Any CPU
		{19514369-07DA-40B4-B37D-D77123CFFE74}.Release|Any CPU.Build.0 = Release|Any CPU
		{184FADD3-62C2-47EA-B532-1FCE810F0B68}.Debug|Any CPU.ActiveCfg = Debug|Any CPU
		{184FADD3-62C2-47EA-B532-1FCE810F0B68}.Debug|Any CPU.Build.0 = Debug|Any CPU
		{184FADD3-62C2-47EA-B532-1FCE810F0B68}.Release|Any CPU.ActiveCfg = Release|Any CPU
		{184FADD3-62C2-47EA-B532-1FCE810F0B68}.Release|Any CPU.Build.0 = Release|Any CPU
		{A197614E-7A38-402E-B093-2FE9D94C2B3B}.Debug|Any CPU.ActiveCfg = Debug|Any CPU
		{A197614E-7A38-402E-B093-2FE9D94C2B3B}.Debug|Any CPU.Build.0 = Debug|Any CPU
		{A197614E-7A38-402E-B093-2FE9D94C2B3B}.Release|Any CPU.ActiveCfg = Release|Any CPU
		{A197614E-7A38-402E-B093-2FE9D94C2B3B}.Release|Any CPU.Build.0 = Release|Any CPU
		{6CA11335-F7E1-45CF-B0E0-8EE54DE42AC6}.Debug|Any CPU.ActiveCfg = Debug|Any CPU
		{6CA11335-F7E1-45CF-B0E0-8EE54DE42AC6}.Debug|Any CPU.Build.0 = Debug|Any CPU
		{6CA11335-F7E1-45CF-B0E0-8EE54DE42AC6}.Release|Any CPU.ActiveCfg = Release|Any CPU
		{6CA11335-F7E1-45CF-B0E0-8EE54DE42AC6}.Release|Any CPU.Build.0 = Release|Any CPU
		{802D8296-6717-43AD-97F9-6D31AEF5C8AD}.Debug|Any CPU.ActiveCfg = Debug|Any CPU
		{802D8296-6717-43AD-97F9-6D31AEF5C8AD}.Debug|Any CPU.Build.0 = Debug|Any CPU
		{802D8296-6717-43AD-97F9-6D31AEF5C8AD}.Release|Any CPU.ActiveCfg = Release|Any CPU
		{802D8296-6717-43AD-97F9-6D31AEF5C8AD}.Release|Any CPU.Build.0 = Release|Any CPU
		{405FE219-203C-4DFF-9493-B7A02EEF2D16}.Debug|Any CPU.ActiveCfg = Debug|Any CPU
		{405FE219-203C-4DFF-9493-B7A02EEF2D16}.Debug|Any CPU.Build.0 = Debug|Any CPU
		{405FE219-203C-4DFF-9493-B7A02EEF2D16}.Release|Any CPU.ActiveCfg = Release|Any CPU
		{405FE219-203C-4DFF-9493-B7A02EEF2D16}.Release|Any CPU.Build.0 = Release|Any CPU
		{34A7E744-4CA9-4A71-9EAA-1BBDA21EC421}.Debug|Any CPU.ActiveCfg = Debug|Any CPU
		{34A7E744-4CA9-4A71-9EAA-1BBDA21EC421}.Debug|Any CPU.Build.0 = Debug|Any CPU
		{34A7E744-4CA9-4A71-9EAA-1BBDA21EC421}.Release|Any CPU.ActiveCfg = Release|Any CPU
		{34A7E744-4CA9-4A71-9EAA-1BBDA21EC421}.Release|Any CPU.Build.0 = Release|Any CPU
		{F6758072-1476-4932-8ED8-61B4F54ED851}.Debug|Any CPU.ActiveCfg = Debug|Any CPU
		{F6758072-1476-4932-8ED8-61B4F54ED851}.Debug|Any CPU.Build.0 = Debug|Any CPU
		{F6758072-1476-4932-8ED8-61B4F54ED851}.Release|Any CPU.ActiveCfg = Release|Any CPU
		{F6758072-1476-4932-8ED8-61B4F54ED851}.Release|Any CPU.Build.0 = Release|Any CPU
		{92AF451A-B146-4D92-87E7-EBBE1B7E027E}.Debug|Any CPU.ActiveCfg = Debug|Any CPU
		{92AF451A-B146-4D92-87E7-EBBE1B7E027E}.Debug|Any CPU.Build.0 = Debug|Any CPU
		{92AF451A-B146-4D92-87E7-EBBE1B7E027E}.Release|Any CPU.ActiveCfg = Release|Any CPU
		{92AF451A-B146-4D92-87E7-EBBE1B7E027E}.Release|Any CPU.Build.0 = Release|Any CPU
		{A8EE2D14-5EA3-45AD-8A9F-D0716B218A6A}.Debug|Any CPU.ActiveCfg = Debug|Any CPU
		{A8EE2D14-5EA3-45AD-8A9F-D0716B218A6A}.Debug|Any CPU.Build.0 = Debug|Any CPU
		{A8EE2D14-5EA3-45AD-8A9F-D0716B218A6A}.Release|Any CPU.ActiveCfg = Release|Any CPU
		{A8EE2D14-5EA3-45AD-8A9F-D0716B218A6A}.Release|Any CPU.Build.0 = Release|Any CPU
		{9FB0D623-DDCE-42AB-972C-A912F05936FF}.Debug|Any CPU.ActiveCfg = Debug|Any CPU
		{9FB0D623-DDCE-42AB-972C-A912F05936FF}.Debug|Any CPU.Build.0 = Debug|Any CPU
		{9FB0D623-DDCE-42AB-972C-A912F05936FF}.Release|Any CPU.ActiveCfg = Release|Any CPU
		{9FB0D623-DDCE-42AB-972C-A912F05936FF}.Release|Any CPU.Build.0 = Release|Any CPU
		{EC7FC974-910F-40FF-88CD-4AF9AD7134CB}.Debug|Any CPU.ActiveCfg = Debug|Any CPU
		{EC7FC974-910F-40FF-88CD-4AF9AD7134CB}.Debug|Any CPU.Build.0 = Debug|Any CPU
		{EC7FC974-910F-40FF-88CD-4AF9AD7134CB}.Release|Any CPU.ActiveCfg = Release|Any CPU
		{EC7FC974-910F-40FF-88CD-4AF9AD7134CB}.Release|Any CPU.Build.0 = Release|Any CPU
		{BC24E9FF-1A87-49FC-AE79-8389F127A228}.Debug|Any CPU.ActiveCfg = Debug|Any CPU
		{BC24E9FF-1A87-49FC-AE79-8389F127A228}.Debug|Any CPU.Build.0 = Debug|Any CPU
		{BC24E9FF-1A87-49FC-AE79-8389F127A228}.Release|Any CPU.ActiveCfg = Release|Any CPU
		{BC24E9FF-1A87-49FC-AE79-8389F127A228}.Release|Any CPU.Build.0 = Release|Any CPU
		{AC4EB251-4E47-4A9A-9B68-EB80B30C6991}.Debug|Any CPU.ActiveCfg = Debug|Any CPU
		{AC4EB251-4E47-4A9A-9B68-EB80B30C6991}.Debug|Any CPU.Build.0 = Debug|Any CPU
		{AC4EB251-4E47-4A9A-9B68-EB80B30C6991}.Release|Any CPU.ActiveCfg = Release|Any CPU
		{AC4EB251-4E47-4A9A-9B68-EB80B30C6991}.Release|Any CPU.Build.0 = Release|Any CPU
		{97E61BE8-FFAA-42A0-97DE-5AA968361E99}.Debug|Any CPU.ActiveCfg = Debug|Any CPU
		{97E61BE8-FFAA-42A0-97DE-5AA968361E99}.Debug|Any CPU.Build.0 = Debug|Any CPU
		{97E61BE8-FFAA-42A0-97DE-5AA968361E99}.Release|Any CPU.ActiveCfg = Release|Any CPU
		{97E61BE8-FFAA-42A0-97DE-5AA968361E99}.Release|Any CPU.Build.0 = Release|Any CPU
		{0E116A70-638F-4C7F-B547-6FCA42076378}.Debug|Any CPU.ActiveCfg = Debug|Any CPU
		{0E116A70-638F-4C7F-B547-6FCA42076378}.Debug|Any CPU.Build.0 = Debug|Any CPU
		{0E116A70-638F-4C7F-B547-6FCA42076378}.Release|Any CPU.ActiveCfg = Release|Any CPU
		{0E116A70-638F-4C7F-B547-6FCA42076378}.Release|Any CPU.Build.0 = Release|Any CPU
		{476F029C-F612-4022-B0C6-0511FEEB5CEA}.Debug|Any CPU.ActiveCfg = Debug|Any CPU
		{476F029C-F612-4022-B0C6-0511FEEB5CEA}.Debug|Any CPU.Build.0 = Debug|Any CPU
		{476F029C-F612-4022-B0C6-0511FEEB5CEA}.Release|Any CPU.ActiveCfg = Release|Any CPU
		{476F029C-F612-4022-B0C6-0511FEEB5CEA}.Release|Any CPU.Build.0 = Release|Any CPU
		{B9903DE9-F1C5-4451-ABFE-D5F8BFB47599}.Debug|Any CPU.ActiveCfg = Debug|Any CPU
		{B9903DE9-F1C5-4451-ABFE-D5F8BFB47599}.Debug|Any CPU.Build.0 = Debug|Any CPU
		{B9903DE9-F1C5-4451-ABFE-D5F8BFB47599}.Release|Any CPU.ActiveCfg = Release|Any CPU
		{B9903DE9-F1C5-4451-ABFE-D5F8BFB47599}.Release|Any CPU.Build.0 = Release|Any CPU
		{20922A52-E670-4462-8CD0-F2391B27E782}.Debug|Any CPU.ActiveCfg = Debug|Any CPU
		{20922A52-E670-4462-8CD0-F2391B27E782}.Debug|Any CPU.Build.0 = Debug|Any CPU
		{20922A52-E670-4462-8CD0-F2391B27E782}.Release|Any CPU.ActiveCfg = Release|Any CPU
		{20922A52-E670-4462-8CD0-F2391B27E782}.Release|Any CPU.Build.0 = Release|Any CPU
		{43189A47-7933-4C97-8288-F435344C828A}.Debug|Any CPU.ActiveCfg = Debug|Any CPU
		{43189A47-7933-4C97-8288-F435344C828A}.Debug|Any CPU.Build.0 = Debug|Any CPU
		{43189A47-7933-4C97-8288-F435344C828A}.Release|Any CPU.ActiveCfg = Release|Any CPU
		{43189A47-7933-4C97-8288-F435344C828A}.Release|Any CPU.Build.0 = Release|Any CPU
		{338236AA-F0B2-421F-B2E8-836F81332E26}.Debug|Any CPU.ActiveCfg = Debug|Any CPU
		{338236AA-F0B2-421F-B2E8-836F81332E26}.Debug|Any CPU.Build.0 = Debug|Any CPU
		{338236AA-F0B2-421F-B2E8-836F81332E26}.Release|Any CPU.ActiveCfg = Release|Any CPU
		{338236AA-F0B2-421F-B2E8-836F81332E26}.Release|Any CPU.Build.0 = Release|Any CPU
		{9246E1CA-215C-49D1-BB0E-D7FC6454CCDF}.Debug|Any CPU.ActiveCfg = Debug|Any CPU
		{9246E1CA-215C-49D1-BB0E-D7FC6454CCDF}.Debug|Any CPU.Build.0 = Debug|Any CPU
		{9246E1CA-215C-49D1-BB0E-D7FC6454CCDF}.Release|Any CPU.ActiveCfg = Release|Any CPU
		{9246E1CA-215C-49D1-BB0E-D7FC6454CCDF}.Release|Any CPU.Build.0 = Release|Any CPU
		{BFDB695C-4E1B-4BB4-ABDE-2021E37C224C}.Debug|Any CPU.ActiveCfg = Debug|Any CPU
		{BFDB695C-4E1B-4BB4-ABDE-2021E37C224C}.Debug|Any CPU.Build.0 = Debug|Any CPU
		{BFDB695C-4E1B-4BB4-ABDE-2021E37C224C}.Release|Any CPU.ActiveCfg = Release|Any CPU
		{BFDB695C-4E1B-4BB4-ABDE-2021E37C224C}.Release|Any CPU.Build.0 = Release|Any CPU
		{386CB992-74F9-48E6-B003-673A9249351C}.Debug|Any CPU.ActiveCfg = Debug|Any CPU
		{386CB992-74F9-48E6-B003-673A9249351C}.Debug|Any CPU.Build.0 = Debug|Any CPU
		{386CB992-74F9-48E6-B003-673A9249351C}.Release|Any CPU.ActiveCfg = Release|Any CPU
		{386CB992-74F9-48E6-B003-673A9249351C}.Release|Any CPU.Build.0 = Release|Any CPU
	EndGlobalSection
	GlobalSection(SolutionProperties) = preSolution
		HideSolutionNode = FALSE
	EndGlobalSection
	GlobalSection(NestedProjects) = preSolution
		{675022B4-2DF0-4725-A9D0-7E1A85E6202E} = {7DC6A1A1-AE80-4834-9060-E44E5E239C11}
		{2889A79A-18DC-4BF6-B549-56315C050F75} = {7DC6A1A1-AE80-4834-9060-E44E5E239C11}
		{007BE9B5-9D20-4723-AF9D-08DC624F4133} = {7DC6A1A1-AE80-4834-9060-E44E5E239C11}
		{1D4AA13B-2C7A-47BA-8FDE-2106F6AB4CF1} = {7DC6A1A1-AE80-4834-9060-E44E5E239C11}
		{6DCC5FA2-905D-4C7B-B829-9319B8311633} = {7DC6A1A1-AE80-4834-9060-E44E5E239C11}
		{6F0829E5-BCC4-4C83-BD48-B157ABAE54E4} = {32E6B450-A982-4941-A141-41833C05B717}
		{6E9CFEFC-6543-4AB0-B6EE-C8A6025A17A3} = {32E6B450-A982-4941-A141-41833C05B717}
		{748943E9-B850-4FFF-B32B-EE0EFD795A51} = {32E6B450-A982-4941-A141-41833C05B717}
		{A43E8011-2EDF-447D-8839-73E88FC79D95} = {32E6B450-A982-4941-A141-41833C05B717}
		{70D20960-E164-497B-A4F4-917A089973C1} = {32E6B450-A982-4941-A141-41833C05B717}
		{39F88F82-C068-42CB-BB30-DDD3D42A2AFA} = {32E6B450-A982-4941-A141-41833C05B717}
		{65944398-AD6D-44B5-9E0C-4A37727FACE1} = {32E6B450-A982-4941-A141-41833C05B717}
		{E3A06535-A5D8-4D2B-84EF-22732387E1FE} = {32E6B450-A982-4941-A141-41833C05B717}
		{D8B9636A-D0A0-4E75-869A-C385625D57EF} = {32E6B450-A982-4941-A141-41833C05B717}
		{65D7CEC5-5810-4155-8F26-5A0C05198936} = {32E6B450-A982-4941-A141-41833C05B717}
		{7D25D842-A581-4536-814B-8C270FDA84C1} = {32E6B450-A982-4941-A141-41833C05B717}
		{9B38FFBD-D491-4313-A4E7-F719D4B935B2} = {32E6B450-A982-4941-A141-41833C05B717}
		{620979F2-1143-4630-9BCD-43940922A79D} = {32E6B450-A982-4941-A141-41833C05B717}
		{91F1D735-3598-4A49-8CB8-E2CF0DBAB311} = {32E6B450-A982-4941-A141-41833C05B717}
		{E48953FE-B93D-4481-B659-4EE927EF4CC7} = {32E6B450-A982-4941-A141-41833C05B717}
		{3A85CC5B-EDE9-42A9-86CE-F3D9F7F9A170} = {32E6B450-A982-4941-A141-41833C05B717}
		{A35EFB77-CA9D-4727-8C13-608CB9CB3602} = {81DBB9A1-B233-4B28-B8B1-363F02EE2DF9}
		{1D12869A-6E33-468C-986B-423DC24989A9} = {81DBB9A1-B233-4B28-B8B1-363F02EE2DF9}
		{2F10A5BA-3DE3-4A16-91FA-69F3E51956A2} = {81DBB9A1-B233-4B28-B8B1-363F02EE2DF9}
		{0AEC168E-1ABC-47FF-90B4-A1AB4E511CD4} = {81DBB9A1-B233-4B28-B8B1-363F02EE2DF9}
		{9028FD42-D638-4DD0-BF8C-E065A68B2460} = {2A66D98F-CB79-4C93-A6BB-803B759D2290}
		{E8CD4FC3-A4F4-4A37-B508-B0FE7F168D57} = {2A66D98F-CB79-4C93-A6BB-803B759D2290}
		{19514369-07DA-40B4-B37D-D77123CFFE74} = {2A66D98F-CB79-4C93-A6BB-803B759D2290}
		{184FADD3-62C2-47EA-B532-1FCE810F0B68} = {2A66D98F-CB79-4C93-A6BB-803B759D2290}
		{A197614E-7A38-402E-B093-2FE9D94C2B3B} = {2A66D98F-CB79-4C93-A6BB-803B759D2290}
		{6CA11335-F7E1-45CF-B0E0-8EE54DE42AC6} = {2A66D98F-CB79-4C93-A6BB-803B759D2290}
		{802D8296-6717-43AD-97F9-6D31AEF5C8AD} = {2A66D98F-CB79-4C93-A6BB-803B759D2290}
		{405FE219-203C-4DFF-9493-B7A02EEF2D16} = {2A66D98F-CB79-4C93-A6BB-803B759D2290}
		{34A7E744-4CA9-4A71-9EAA-1BBDA21EC421} = {2A66D98F-CB79-4C93-A6BB-803B759D2290}
		{F6758072-1476-4932-8ED8-61B4F54ED851} = {2A66D98F-CB79-4C93-A6BB-803B759D2290}
		{92AF451A-B146-4D92-87E7-EBBE1B7E027E} = {2A66D98F-CB79-4C93-A6BB-803B759D2290}
		{A8EE2D14-5EA3-45AD-8A9F-D0716B218A6A} = {2A66D98F-CB79-4C93-A6BB-803B759D2290}
		{9FB0D623-DDCE-42AB-972C-A912F05936FF} = {2A66D98F-CB79-4C93-A6BB-803B759D2290}
		{EC7FC974-910F-40FF-88CD-4AF9AD7134CB} = {2A66D98F-CB79-4C93-A6BB-803B759D2290}
		{BC24E9FF-1A87-49FC-AE79-8389F127A228} = {2A66D98F-CB79-4C93-A6BB-803B759D2290}
		{AC4EB251-4E47-4A9A-9B68-EB80B30C6991} = {A8C72DF1-6BCE-45DD-9168-AEEE5C493A2E}
		{386CB992-74F9-48E6-B003-673A9249351C} = {2A66D98F-CB79-4C93-A6BB-803B759D2290}
		{7DC6A1A1-AE80-4834-9060-E44E5E239C11} = {8DA1ACB5-41B7-44D6-ADF4-F25754982E5D}
		{32E6B450-A982-4941-A141-41833C05B717} = {8DA1ACB5-41B7-44D6-ADF4-F25754982E5D}
		{81DBB9A1-B233-4B28-B8B1-363F02EE2DF9} = {C6380D91-2182-4D66-BC82-999EB6CBCA58}
		{2A66D98F-CB79-4C93-A6BB-803B759D2290} = {C6380D91-2182-4D66-BC82-999EB6CBCA58}
		{97E61BE8-FFAA-42A0-97DE-5AA968361E99} = {32E6B450-A982-4941-A141-41833C05B717}
		{0E116A70-638F-4C7F-B547-6FCA42076378} = {32E6B450-A982-4941-A141-41833C05B717}
		{476F029C-F612-4022-B0C6-0511FEEB5CEA} = {32E6B450-A982-4941-A141-41833C05B717}
		{B9903DE9-F1C5-4451-ABFE-D5F8BFB47599} = {32E6B450-A982-4941-A141-41833C05B717}
		{20922A52-E670-4462-8CD0-F2391B27E782} = {32E6B450-A982-4941-A141-41833C05B717}
		{43189A47-7933-4C97-8288-F435344C828A} = {32E6B450-A982-4941-A141-41833C05B717}
		{338236AA-F0B2-421F-B2E8-836F81332E26} = {32E6B450-A982-4941-A141-41833C05B717}
		{9246E1CA-215C-49D1-BB0E-D7FC6454CCDF} = {2A66D98F-CB79-4C93-A6BB-803B759D2290}
		{BFDB695C-4E1B-4BB4-ABDE-2021E37C224C} = {2A66D98F-CB79-4C93-A6BB-803B759D2290}
	EndGlobalSection
	GlobalSection(ExtensibilityGlobals) = postSolution
		SolutionGuid = {0D747534-6B5F-4CDB-9ADB-D30C780081ED}
	EndGlobalSection
EndGlobal
